
Microsoft Visual Studio Solution File, Format Version 12.00
# Visual Studio 15
VisualStudioVersion = 15.0.27428.2015
MinimumVisualStudioVersion = 10.0.40219.1
Project("{FAE04EC0-301F-11D3-BF4B-00C04F79EFBC}") = "App1.Android", "App1\App1.Android\App1.Android.csproj", "{02CB917F-13E7-40C8-B634-0FF2096F8075}"
EndProject
Project("{FAE04EC0-301F-11D3-BF4B-00C04F79EFBC}") = "App1.iOS", "App1\App1.iOS\App1.iOS.csproj", "{F6EFFC29-0B12-49AD-A39A-EF6ACEBEFFDE}"
EndProject
Project("{FAE04EC0-301F-11D3-BF4B-00C04F79EFBC}") = "App1.UWP", "App1\App1.UWP\App1.UWP.csproj", "{11924DD5-9A59-4B16-9CB4-35FD175304F5}"
EndProject
Project("{FAE04EC0-301F-11D3-BF4B-00C04F79EFBC}") = "App1", "App1\App1\App1.csproj", "{361736AD-A63D-4897-9A36-C8A902492305}"
EndProject
Global
	GlobalSection(SolutionConfigurationPlatforms) = preSolution
		Ad-Hoc|Any CPU = Ad-Hoc|Any CPU
		Ad-Hoc|ARM = Ad-Hoc|ARM
		Ad-Hoc|iPhone = Ad-Hoc|iPhone
		Ad-Hoc|iPhoneSimulator = Ad-Hoc|iPhoneSimulator
		Ad-Hoc|x64 = Ad-Hoc|x64
		Ad-Hoc|x86 = Ad-Hoc|x86
		AppStore|Any CPU = AppStore|Any CPU
		AppStore|ARM = AppStore|ARM
		AppStore|iPhone = AppStore|iPhone
		AppStore|iPhoneSimulator = AppStore|iPhoneSimulator
		AppStore|x64 = AppStore|x64
		AppStore|x86 = AppStore|x86
		Debug|Any CPU = Debug|Any CPU
		Debug|ARM = Debug|ARM
		Debug|iPhone = Debug|iPhone
		Debug|iPhoneSimulator = Debug|iPhoneSimulator
		Debug|x64 = Debug|x64
		Debug|x86 = Debug|x86
		Release|Any CPU = Release|Any CPU
		Release|ARM = Release|ARM
		Release|iPhone = Release|iPhone
		Release|iPhoneSimulator = Release|iPhoneSimulator
		Release|x64 = Release|x64
		Release|x86 = Release|x86
	EndGlobalSection
	GlobalSection(ProjectConfigurationPlatforms) = postSolution
		{02CB917F-13E7-40C8-B634-0FF2096F8075}.Ad-Hoc|Any CPU.ActiveCfg = Release|Any CPU
		{02CB917F-13E7-40C8-B634-0FF2096F8075}.Ad-Hoc|Any CPU.Build.0 = Release|Any CPU
		{02CB917F-13E7-40C8-B634-0FF2096F8075}.Ad-Hoc|Any CPU.Deploy.0 = Release|Any CPU
		{02CB917F-13E7-40C8-B634-0FF2096F8075}.Ad-Hoc|ARM.ActiveCfg = Release|Any CPU
		{02CB917F-13E7-40C8-B634-0FF2096F8075}.Ad-Hoc|ARM.Build.0 = Release|Any CPU
		{02CB917F-13E7-40C8-B634-0FF2096F8075}.Ad-Hoc|ARM.Deploy.0 = Release|Any CPU
		{02CB917F-13E7-40C8-B634-0FF2096F8075}.Ad-Hoc|iPhone.ActiveCfg = Release|Any CPU
		{02CB917F-13E7-40C8-B634-0FF2096F8075}.Ad-Hoc|iPhone.Build.0 = Release|Any CPU
		{02CB917F-13E7-40C8-B634-0FF2096F8075}.Ad-Hoc|iPhone.Deploy.0 = Release|Any CPU
		{02CB917F-13E7-40C8-B634-0FF2096F8075}.Ad-Hoc|iPhoneSimulator.ActiveCfg = Release|Any CPU
		{02CB917F-13E7-40C8-B634-0FF2096F8075}.Ad-Hoc|iPhoneSimulator.Build.0 = Release|Any CPU
		{02CB917F-13E7-40C8-B634-0FF2096F8075}.Ad-Hoc|iPhoneSimulator.Deploy.0 = Release|Any CPU
		{02CB917F-13E7-40C8-B634-0FF2096F8075}.Ad-Hoc|x64.ActiveCfg = Release|Any CPU
		{02CB917F-13E7-40C8-B634-0FF2096F8075}.Ad-Hoc|x64.Build.0 = Release|Any CPU
		{02CB917F-13E7-40C8-B634-0FF2096F8075}.Ad-Hoc|x64.Deploy.0 = Release|Any CPU
		{02CB917F-13E7-40C8-B634-0FF2096F8075}.Ad-Hoc|x86.ActiveCfg = Release|Any CPU
		{02CB917F-13E7-40C8-B634-0FF2096F8075}.Ad-Hoc|x86.Build.0 = Release|Any CPU
		{02CB917F-13E7-40C8-B634-0FF2096F8075}.Ad-Hoc|x86.Deploy.0 = Release|Any CPU
		{02CB917F-13E7-40C8-B634-0FF2096F8075}.AppStore|Any CPU.ActiveCfg = Release|Any CPU
		{02CB917F-13E7-40C8-B634-0FF2096F8075}.AppStore|Any CPU.Build.0 = Release|Any CPU
		{02CB917F-13E7-40C8-B634-0FF2096F8075}.AppStore|Any CPU.Deploy.0 = Release|Any CPU
		{02CB917F-13E7-40C8-B634-0FF2096F8075}.AppStore|ARM.ActiveCfg = Release|Any CPU
		{02CB917F-13E7-40C8-B634-0FF2096F8075}.AppStore|ARM.Build.0 = Release|Any CPU
		{02CB917F-13E7-40C8-B634-0FF2096F8075}.AppStore|ARM.Deploy.0 = Release|Any CPU
		{02CB917F-13E7-40C8-B634-0FF2096F8075}.AppStore|iPhone.ActiveCfg = Release|Any CPU
		{02CB917F-13E7-40C8-B634-0FF2096F8075}.AppStore|iPhone.Build.0 = Release|Any CPU
		{02CB917F-13E7-40C8-B634-0FF2096F8075}.AppStore|iPhone.Deploy.0 = Release|Any CPU
		{02CB917F-13E7-40C8-B634-0FF2096F8075}.AppStore|iPhoneSimulator.ActiveCfg = Release|Any CPU
		{02CB917F-13E7-40C8-B634-0FF2096F8075}.AppStore|iPhoneSimulator.Build.0 = Release|Any CPU
		{02CB917F-13E7-40C8-B634-0FF2096F8075}.AppStore|iPhoneSimulator.Deploy.0 = Release|Any CPU
		{02CB917F-13E7-40C8-B634-0FF2096F8075}.AppStore|x64.ActiveCfg = Release|Any CPU
		{02CB917F-13E7-40C8-B634-0FF2096F8075}.AppStore|x64.Build.0 = Release|Any CPU
		{02CB917F-13E7-40C8-B634-0FF2096F8075}.AppStore|x64.Deploy.0 = Release|Any CPU
		{02CB917F-13E7-40C8-B634-0FF2096F8075}.AppStore|x86.ActiveCfg = Release|Any CPU
		{02CB917F-13E7-40C8-B634-0FF2096F8075}.AppStore|x86.Build.0 = Release|Any CPU
		{02CB917F-13E7-40C8-B634-0FF2096F8075}.AppStore|x86.Deploy.0 = Release|Any CPU
		{02CB917F-13E7-40C8-B634-0FF2096F8075}.Debug|Any CPU.ActiveCfg = Debug|Any CPU
		{02CB917F-13E7-40C8-B634-0FF2096F8075}.Debug|Any CPU.Build.0 = Debug|Any CPU
		{02CB917F-13E7-40C8-B634-0FF2096F8075}.Debug|Any CPU.Deploy.0 = Debug|Any CPU
		{02CB917F-13E7-40C8-B634-0FF2096F8075}.Debug|ARM.ActiveCfg = Debug|Any CPU
		{02CB917F-13E7-40C8-B634-0FF2096F8075}.Debug|ARM.Build.0 = Debug|Any CPU
		{02CB917F-13E7-40C8-B634-0FF2096F8075}.Debug|ARM.Deploy.0 = Debug|Any CPU
		{02CB917F-13E7-40C8-B634-0FF2096F8075}.Debug|iPhone.ActiveCfg = Debug|Any CPU
		{02CB917F-13E7-40C8-B634-0FF2096F8075}.Debug|iPhone.Build.0 = Debug|Any CPU
		{02CB917F-13E7-40C8-B634-0FF2096F8075}.Debug|iPhone.Deploy.0 = Debug|Any CPU
		{02CB917F-13E7-40C8-B634-0FF2096F8075}.Debug|iPhoneSimulator.ActiveCfg = Debug|Any CPU
		{02CB917F-13E7-40C8-B634-0FF2096F8075}.Debug|iPhoneSimulator.Build.0 = Debug|Any CPU
		{02CB917F-13E7-40C8-B634-0FF2096F8075}.Debug|iPhoneSimulator.Deploy.0 = Debug|Any CPU
		{02CB917F-13E7-40C8-B634-0FF2096F8075}.Debug|x64.ActiveCfg = Debug|Any CPU
		{02CB917F-13E7-40C8-B634-0FF2096F8075}.Debug|x64.Build.0 = Debug|Any CPU
		{02CB917F-13E7-40C8-B634-0FF2096F8075}.Debug|x64.Deploy.0 = Debug|Any CPU
		{02CB917F-13E7-40C8-B634-0FF2096F8075}.Debug|x86.ActiveCfg = Debug|Any CPU
		{02CB917F-13E7-40C8-B634-0FF2096F8075}.Debug|x86.Build.0 = Debug|Any CPU
		{02CB917F-13E7-40C8-B634-0FF2096F8075}.Debug|x86.Deploy.0 = Debug|Any CPU
		{02CB917F-13E7-40C8-B634-0FF2096F8075}.Release|Any CPU.ActiveCfg = Release|Any CPU
		{02CB917F-13E7-40C8-B634-0FF2096F8075}.Release|Any CPU.Build.0 = Release|Any CPU
		{02CB917F-13E7-40C8-B634-0FF2096F8075}.Release|Any CPU.Deploy.0 = Release|Any CPU
		{02CB917F-13E7-40C8-B634-0FF2096F8075}.Release|ARM.ActiveCfg = Release|Any CPU
		{02CB917F-13E7-40C8-B634-0FF2096F8075}.Release|ARM.Build.0 = Release|Any CPU
		{02CB917F-13E7-40C8-B634-0FF2096F8075}.Release|ARM.Deploy.0 = Release|Any CPU
		{02CB917F-13E7-40C8-B634-0FF2096F8075}.Release|iPhone.ActiveCfg = Release|Any CPU
		{02CB917F-13E7-40C8-B634-0FF2096F8075}.Release|iPhone.Build.0 = Release|Any CPU
		{02CB917F-13E7-40C8-B634-0FF2096F8075}.Release|iPhone.Deploy.0 = Release|Any CPU
		{02CB917F-13E7-40C8-B634-0FF2096F8075}.Release|iPhoneSimulator.ActiveCfg = Release|Any CPU
		{02CB917F-13E7-40C8-B634-0FF2096F8075}.Release|iPhoneSimulator.Build.0 = Release|Any CPU
		{02CB917F-13E7-40C8-B634-0FF2096F8075}.Release|iPhoneSimulator.Deploy.0 = Release|Any CPU
		{02CB917F-13E7-40C8-B634-0FF2096F8075}.Release|x64.ActiveCfg = Release|Any CPU
		{02CB917F-13E7-40C8-B634-0FF2096F8075}.Release|x64.Build.0 = Release|Any CPU
		{02CB917F-13E7-40C8-B634-0FF2096F8075}.Release|x64.Deploy.0 = Release|Any CPU
		{02CB917F-13E7-40C8-B634-0FF2096F8075}.Release|x86.ActiveCfg = Release|Any CPU
		{02CB917F-13E7-40C8-B634-0FF2096F8075}.Release|x86.Build.0 = Release|Any CPU
		{02CB917F-13E7-40C8-B634-0FF2096F8075}.Release|x86.Deploy.0 = Release|Any CPU
		{F6EFFC29-0B12-49AD-A39A-EF6ACEBEFFDE}.Ad-Hoc|Any CPU.ActiveCfg = Ad-Hoc|iPhone
		{F6EFFC29-0B12-49AD-A39A-EF6ACEBEFFDE}.Ad-Hoc|ARM.ActiveCfg = Ad-Hoc|iPhone
		{F6EFFC29-0B12-49AD-A39A-EF6ACEBEFFDE}.Ad-Hoc|iPhone.ActiveCfg = Ad-Hoc|iPhone
		{F6EFFC29-0B12-49AD-A39A-EF6ACEBEFFDE}.Ad-Hoc|iPhone.Build.0 = Ad-Hoc|iPhone
		{F6EFFC29-0B12-49AD-A39A-EF6ACEBEFFDE}.Ad-Hoc|iPhoneSimulator.ActiveCfg = Ad-Hoc|iPhoneSimulator
		{F6EFFC29-0B12-49AD-A39A-EF6ACEBEFFDE}.Ad-Hoc|iPhoneSimulator.Build.0 = Ad-Hoc|iPhoneSimulator
		{F6EFFC29-0B12-49AD-A39A-EF6ACEBEFFDE}.Ad-Hoc|x64.ActiveCfg = Ad-Hoc|iPhone
		{F6EFFC29-0B12-49AD-A39A-EF6ACEBEFFDE}.Ad-Hoc|x86.ActiveCfg = Ad-Hoc|iPhone
		{F6EFFC29-0B12-49AD-A39A-EF6ACEBEFFDE}.AppStore|Any CPU.ActiveCfg = AppStore|iPhone
		{F6EFFC29-0B12-49AD-A39A-EF6ACEBEFFDE}.AppStore|ARM.ActiveCfg = AppStore|iPhone
		{F6EFFC29-0B12-49AD-A39A-EF6ACEBEFFDE}.AppStore|iPhone.ActiveCfg = AppStore|iPhone
		{F6EFFC29-0B12-49AD-A39A-EF6ACEBEFFDE}.AppStore|iPhone.Build.0 = AppStore|iPhone
		{F6EFFC29-0B12-49AD-A39A-EF6ACEBEFFDE}.AppStore|iPhoneSimulator.ActiveCfg = AppStore|iPhoneSimulator
		{F6EFFC29-0B12-49AD-A39A-EF6ACEBEFFDE}.AppStore|iPhoneSimulator.Build.0 = AppStore|iPhoneSimulator
		{F6EFFC29-0B12-49AD-A39A-EF6ACEBEFFDE}.AppStore|x64.ActiveCfg = AppStore|iPhone
		{F6EFFC29-0B12-49AD-A39A-EF6ACEBEFFDE}.AppStore|x86.ActiveCfg = AppStore|iPhone
		{F6EFFC29-0B12-49AD-A39A-EF6ACEBEFFDE}.Debug|Any CPU.ActiveCfg = Debug|iPhone
		{F6EFFC29-0B12-49AD-A39A-EF6ACEBEFFDE}.Debug|ARM.ActiveCfg = Debug|iPhone
		{F6EFFC29-0B12-49AD-A39A-EF6ACEBEFFDE}.Debug|iPhone.ActiveCfg = Debug|iPhone
		{F6EFFC29-0B12-49AD-A39A-EF6ACEBEFFDE}.Debug|iPhone.Build.0 = Debug|iPhone
		{F6EFFC29-0B12-49AD-A39A-EF6ACEBEFFDE}.Debug|iPhoneSimulator.ActiveCfg = Debug|iPhoneSimulator
		{F6EFFC29-0B12-49AD-A39A-EF6ACEBEFFDE}.Debug|iPhoneSimulator.Build.0 = Debug|iPhoneSimulator
		{F6EFFC29-0B12-49AD-A39A-EF6ACEBEFFDE}.Debug|x64.ActiveCfg = Debug|iPhone
		{F6EFFC29-0B12-49AD-A39A-EF6ACEBEFFDE}.Debug|x86.ActiveCfg = Debug|iPhone
		{F6EFFC29-0B12-49AD-A39A-EF6ACEBEFFDE}.Release|Any CPU.ActiveCfg = Release|iPhone
		{F6EFFC29-0B12-49AD-A39A-EF6ACEBEFFDE}.Release|ARM.ActiveCfg = Release|iPhone
		{F6EFFC29-0B12-49AD-A39A-EF6ACEBEFFDE}.Release|iPhone.ActiveCfg = Release|iPhone
		{F6EFFC29-0B12-49AD-A39A-EF6ACEBEFFDE}.Release|iPhone.Build.0 = Release|iPhone
		{F6EFFC29-0B12-49AD-A39A-EF6ACEBEFFDE}.Release|iPhoneSimulator.ActiveCfg = Release|iPhoneSimulator
		{F6EFFC29-0B12-49AD-A39A-EF6ACEBEFFDE}.Release|iPhoneSimulator.Build.0 = Release|iPhoneSimulator
		{F6EFFC29-0B12-49AD-A39A-EF6ACEBEFFDE}.Release|x64.ActiveCfg = Release|iPhone
		{F6EFFC29-0B12-49AD-A39A-EF6ACEBEFFDE}.Release|x86.ActiveCfg = Release|iPhone
		{11924DD5-9A59-4B16-9CB4-35FD175304F5}.Ad-Hoc|Any CPU.ActiveCfg = Release|x86
		{11924DD5-9A59-4B16-9CB4-35FD175304F5}.Ad-Hoc|Any CPU.Build.0 = Release|x86
		{11924DD5-9A59-4B16-9CB4-35FD175304F5}.Ad-Hoc|Any CPU.Deploy.0 = Release|x86
		{11924DD5-9A59-4B16-9CB4-35FD175304F5}.Ad-Hoc|ARM.ActiveCfg = Release|ARM
		{11924DD5-9A59-4B16-9CB4-35FD175304F5}.Ad-Hoc|ARM.Build.0 = Release|ARM
		{11924DD5-9A59-4B16-9CB4-35FD175304F5}.Ad-Hoc|ARM.Deploy.0 = Release|ARM
		{11924DD5-9A59-4B16-9CB4-35FD175304F5}.Ad-Hoc|iPhone.ActiveCfg = Release|x86
		{11924DD5-9A59-4B16-9CB4-35FD175304F5}.Ad-Hoc|iPhone.Build.0 = Release|x86
		{11924DD5-9A59-4B16-9CB4-35FD175304F5}.Ad-Hoc|iPhone.Deploy.0 = Release|x86
		{11924DD5-9A59-4B16-9CB4-35FD175304F5}.Ad-Hoc|iPhoneSimulator.ActiveCfg = Release|x86
		{11924DD5-9A59-4B16-9CB4-35FD175304F5}.Ad-Hoc|iPhoneSimulator.Build.0 = Release|x86
		{11924DD5-9A59-4B16-9CB4-35FD175304F5}.Ad-Hoc|iPhoneSimulator.Deploy.0 = Release|x86
		{11924DD5-9A59-4B16-9CB4-35FD175304F5}.Ad-Hoc|x64.ActiveCfg = Release|x64
		{11924DD5-9A59-4B16-9CB4-35FD175304F5}.Ad-Hoc|x64.Build.0 = Release|x64
		{11924DD5-9A59-4B16-9CB4-35FD175304F5}.Ad-Hoc|x64.Deploy.0 = Release|x64
		{11924DD5-9A59-4B16-9CB4-35FD175304F5}.Ad-Hoc|x86.ActiveCfg = Release|x86
		{11924DD5-9A59-4B16-9CB4-35FD175304F5}.Ad-Hoc|x86.Build.0 = Release|x86
		{11924DD5-9A59-4B16-9CB4-35FD175304F5}.Ad-Hoc|x86.Deploy.0 = Release|x86
		{11924DD5-9A59-4B16-9CB4-35FD175304F5}.AppStore|Any CPU.ActiveCfg = Release|x86
		{11924DD5-9A59-4B16-9CB4-35FD175304F5}.AppStore|Any CPU.Build.0 = Release|x86
		{11924DD5-9A59-4B16-9CB4-35FD175304F5}.AppStore|Any CPU.Deploy.0 = Release|x86
		{11924DD5-9A59-4B16-9CB4-35FD175304F5}.AppStore|ARM.ActiveCfg = Release|ARM
		{11924DD5-9A59-4B16-9CB4-35FD175304F5}.AppStore|ARM.Build.0 = Release|ARM
		{11924DD5-9A59-4B16-9CB4-35FD175304F5}.AppStore|ARM.Deploy.0 = Release|ARM
		{11924DD5-9A59-4B16-9CB4-35FD175304F5}.AppStore|iPhone.ActiveCfg = Release|x86
		{11924DD5-9A59-4B16-9CB4-35FD175304F5}.AppStore|iPhone.Build.0 = Release|x86
		{11924DD5-9A59-4B16-9CB4-35FD175304F5}.AppStore|iPhone.Deploy.0 = Release|x86
		{11924DD5-9A59-4B16-9CB4-35FD175304F5}.AppStore|iPhoneSimulator.ActiveCfg = Release|x86
		{11924DD5-9A59-4B16-9CB4-35FD175304F5}.AppStore|iPhoneSimulator.Build.0 = Release|x86
		{11924DD5-9A59-4B16-9CB4-35FD175304F5}.AppStore|iPhoneSimulator.Deploy.0 = Release|x86
		{11924DD5-9A59-4B16-9CB4-35FD175304F5}.AppStore|x64.ActiveCfg = Release|x64
		{11924DD5-9A59-4B16-9CB4-35FD175304F5}.AppStore|x64.Build.0 = Release|x64
		{11924DD5-9A59-4B16-9CB4-35FD175304F5}.AppStore|x64.Deploy.0 = Release|x64
		{11924DD5-9A59-4B16-9CB4-35FD175304F5}.AppStore|x86.ActiveCfg = Release|x86
		{11924DD5-9A59-4B16-9CB4-35FD175304F5}.AppStore|x86.Build.0 = Release|x86
		{11924DD5-9A59-4B16-9CB4-35FD175304F5}.AppStore|x86.Deploy.0 = Release|x86
		{11924DD5-9A59-4B16-9CB4-35FD175304F5}.Debug|Any CPU.ActiveCfg = Debug|x86
		{11924DD5-9A59-4B16-9CB4-35FD175304F5}.Debug|ARM.ActiveCfg = Debug|ARM
		{11924DD5-9A59-4B16-9CB4-35FD175304F5}.Debug|ARM.Build.0 = Debug|ARM
		{11924DD5-9A59-4B16-9CB4-35FD175304F5}.Debug|ARM.Deploy.0 = Debug|ARM
		{11924DD5-9A59-4B16-9CB4-35FD175304F5}.Debug|iPhone.ActiveCfg = Debug|x86
		{11924DD5-9A59-4B16-9CB4-35FD175304F5}.Debug|iPhoneSimulator.ActiveCfg = Debug|x86
		{11924DD5-9A59-4B16-9CB4-35FD175304F5}.Debug|x64.ActiveCfg = Debug|x64
		{11924DD5-9A59-4B16-9CB4-35FD175304F5}.Debug|x64.Build.0 = Debug|x64
		{11924DD5-9A59-4B16-9CB4-35FD175304F5}.Debug|x64.Deploy.0 = Debug|x64
		{11924DD5-9A59-4B16-9CB4-35FD175304F5}.Debug|x86.ActiveCfg = Debug|x86
		{11924DD5-9A59-4B16-9CB4-35FD175304F5}.Debug|x86.Build.0 = Debug|x86
		{11924DD5-9A59-4B16-9CB4-35FD175304F5}.Debug|x86.Deploy.0 = Debug|x86
		{11924DD5-9A59-4B16-9CB4-35FD175304F5}.Release|Any CPU.ActiveCfg = Release|x86
		{11924DD5-9A59-4B16-9CB4-35FD175304F5}.Release|ARM.ActiveCfg = Release|ARM
		{11924DD5-9A59-4B16-9CB4-35FD175304F5}.Release|ARM.Build.0 = Release|ARM
		{11924DD5-9A59-4B16-9CB4-35FD175304F5}.Release|ARM.Deploy.0 = Release|ARM
		{11924DD5-9A59-4B16-9CB4-35FD175304F5}.Release|iPhone.ActiveCfg = Release|x86
		{11924DD5-9A59-4B16-9CB4-35FD175304F5}.Release|iPhoneSimulator.ActiveCfg = Release|x86
		{11924DD5-9A59-4B16-9CB4-35FD175304F5}.Release|x64.ActiveCfg = Release|x64
		{11924DD5-9A59-4B16-9CB4-35FD175304F5}.Release|x64.Build.0 = Release|x64
		{11924DD5-9A59-4B16-9CB4-35FD175304F5}.Release|x64.Deploy.0 = Release|x64
		{11924DD5-9A59-4B16-9CB4-35FD175304F5}.Release|x86.ActiveCfg = Release|x86
		{11924DD5-9A59-4B16-9CB4-35FD175304F5}.Release|x86.Build.0 = Release|x86
		{11924DD5-9A59-4B16-9CB4-35FD175304F5}.Release|x86.Deploy.0 = Release|x86
		{361736AD-A63D-4897-9A36-C8A902492305}.Ad-Hoc|Any CPU.ActiveCfg = Debug|Any CPU
		{361736AD-A63D-4897-9A36-C8A902492305}.Ad-Hoc|Any CPU.Build.0 = Debug|Any CPU
		{361736AD-A63D-4897-9A36-C8A902492305}.Ad-Hoc|ARM.ActiveCfg = Debug|Any CPU
		{361736AD-A63D-4897-9A36-C8A902492305}.Ad-Hoc|ARM.Build.0 = Debug|Any CPU
		{361736AD-A63D-4897-9A36-C8A902492305}.Ad-Hoc|iPhone.ActiveCfg = Debug|Any CPU
		{361736AD-A63D-4897-9A36-C8A902492305}.Ad-Hoc|iPhone.Build.0 = Debug|Any CPU
		{361736AD-A63D-4897-9A36-C8A902492305}.Ad-Hoc|iPhoneSimulator.ActiveCfg = Debug|Any CPU
		{361736AD-A63D-4897-9A36-C8A902492305}.Ad-Hoc|iPhoneSimulator.Build.0 = Debug|Any CPU
		{361736AD-A63D-4897-9A36-C8A902492305}.Ad-Hoc|x64.ActiveCfg = Debug|Any CPU
		{361736AD-A63D-4897-9A36-C8A902492305}.Ad-Hoc|x64.Build.0 = Debug|Any CPU
		{361736AD-A63D-4897-9A36-C8A902492305}.Ad-Hoc|x86.ActiveCfg = Debug|Any CPU
		{361736AD-A63D-4897-9A36-C8A902492305}.Ad-Hoc|x86.Build.0 = Debug|Any CPU
		{361736AD-A63D-4897-9A36-C8A902492305}.AppStore|Any CPU.ActiveCfg = Debug|Any CPU
		{361736AD-A63D-4897-9A36-C8A902492305}.AppStore|Any CPU.Build.0 = Debug|Any CPU
		{361736AD-A63D-4897-9A36-C8A902492305}.AppStore|ARM.ActiveCfg = Debug|Any CPU
		{361736AD-A63D-4897-9A36-C8A902492305}.AppStore|ARM.Build.0 = Debug|Any CPU
		{361736AD-A63D-4897-9A36-C8A902492305}.AppStore|iPhone.ActiveCfg = Debug|Any CPU
		{361736AD-A63D-4897-9A36-C8A902492305}.AppStore|iPhone.Build.0 = Debug|Any CPU
		{361736AD-A63D-4897-9A36-C8A902492305}.AppStore|iPhoneSimulator.ActiveCfg = Debug|Any CPU
		{361736AD-A63D-4897-9A36-C8A902492305}.AppStore|iPhoneSimulator.Build.0 = Debug|Any CPU
		{361736AD-A63D-4897-9A36-C8A902492305}.AppStore|x64.ActiveCfg = Debug|Any CPU
		{361736AD-A63D-4897-9A36-C8A902492305}.AppStore|x64.Build.0 = Debug|Any CPU
		{361736AD-A63D-4897-9A36-C8A902492305}.AppStore|x86.ActiveCfg = Debug|Any CPU
		{361736AD-A63D-4897-9A36-C8A902492305}.AppStore|x86.Build.0 = Debug|Any CPU
		{361736AD-A63D-4897-9A36-C8A902492305}.Debug|Any CPU.ActiveCfg = Debug|Any CPU
		{361736AD-A63D-4897-9A36-C8A902492305}.Debug|Any CPU.Build.0 = Debug|Any CPU
		{361736AD-A63D-4897-9A36-C8A902492305}.Debug|ARM.ActiveCfg = Debug|Any CPU
		{361736AD-A63D-4897-9A36-C8A902492305}.Debug|ARM.Build.0 = Debug|Any CPU
		{361736AD-A63D-4897-9A36-C8A902492305}.Debug|iPhone.ActiveCfg = Debug|Any CPU
		{361736AD-A63D-4897-9A36-C8A902492305}.Debug|iPhone.Build.0 = Debug|Any CPU
		{361736AD-A63D-4897-9A36-C8A902492305}.Debug|iPhoneSimulator.ActiveCfg = Debug|Any CPU
		{361736AD-A63D-4897-9A36-C8A902492305}.Debug|iPhoneSimulator.Build.0 = Debug|Any CPU
		{361736AD-A63D-4897-9A36-C8A902492305}.Debug|x64.ActiveCfg = Debug|Any CPU
		{361736AD-A63D-4897-9A36-C8A902492305}.Debug|x64.Build.0 = Debug|Any CPU
		{361736AD-A63D-4897-9A36-C8A902492305}.Debug|x86.ActiveCfg = Debug|Any CPU
		{361736AD-A63D-4897-9A36-C8A902492305}.Debug|x86.Build.0 = Debug|Any CPU
		{361736AD-A63D-4897-9A36-C8A902492305}.Release|Any CPU.ActiveCfg = Release|Any CPU
		{361736AD-A63D-4897-9A36-C8A902492305}.Release|Any CPU.Build.0 = Release|Any CPU
		{361736AD-A63D-4897-9A36-C8A902492305}.Release|ARM.ActiveCfg = Release|Any CPU
		{361736AD-A63D-4897-9A36-C8A902492305}.Release|ARM.Build.0 = Release|Any CPU
		{361736AD-A63D-4897-9A36-C8A902492305}.Release|iPhone.ActiveCfg = Release|Any CPU
		{361736AD-A63D-4897-9A36-C8A902492305}.Release|iPhone.Build.0 = Release|Any CPU
		{361736AD-A63D-4897-9A36-C8A902492305}.Release|iPhoneSimulator.ActiveCfg = Release|Any CPU
		{361736AD-A63D-4897-9A36-C8A902492305}.Release|iPhoneSimulator.Build.0 = Release|Any CPU
		{361736AD-A63D-4897-9A36-C8A902492305}.Release|x64.ActiveCfg = Release|Any CPU
		{361736AD-A63D-4897-9A36-C8A902492305}.Release|x64.Build.0 = Release|Any CPU
		{361736AD-A63D-4897-9A36-C8A902492305}.Release|x86.ActiveCfg = Release|Any CPU
		{361736AD-A63D-4897-9A36-C8A902492305}.Release|x86.Build.0 = Release|Any CPU
	EndGlobalSection
	GlobalSection(SolutionProperties) = preSolution
		HideSolutionNode = FALSE
	EndGlobalSection
	GlobalSection(ExtensibilityGlobals) = postSolution
		SolutionGuid = {AF1AA1C5-B8C2-4B25-A668-8219F105473A}
	EndGlobalSection
EndGlobal
